
Microsoft Visual Studio Solution File, Format Version 12.00
# Visual Studio Version 17
VisualStudioVersion = 17.7.34031.279
MinimumVisualStudioVersion = 10.0.40219.1
Project("{FAE04EC0-301F-11D3-BF4B-00C04F79EFBC}") = "FolderEncryptor", "FolderEncryptor\FolderEncryptor.csproj", "{8AF10141-BAAF-4F45-9F43-DBAF0B417187}"
EndProject
Global
	GlobalSection(SolutionConfigurationPlatforms) = preSolution
		Debug|Any CPU = Debug|Any CPU
		Release|Any CPU = Release|Any CPU
	EndGlobalSection
	GlobalSection(ProjectConfigurationPlatforms) = postSolution
		{8AF10141-BAAF-4F45-9F43-DBAF0B417187}.Debug|Any CPU.ActiveCfg = Debug|Any CPU
		{8AF10141-BAAF-4F45-9F43-DBAF0B417187}.Debug|Any CPU.Build.0 = Debug|Any CPU
		{8AF10141-BAAF-4F45-9F43-DBAF0B417187}.Release|Any CPU.ActiveCfg = Release|Any CPU
		{8AF10141-BAAF-4F45-9F43-DBAF0B417187}.Release|Any CPU.Build.0 = Release|Any CPU
	EndGlobalSection
	GlobalSection(SolutionProperties) = preSolution
		HideSolutionNode = FALSE
	EndGlobalSection
	GlobalSection(ExtensibilityGlobals) = postSolution
		SolutionGuid = {C1CBE4B1-3575-4E82-994C-A11C6D37ED93}
	EndGlobalSection
EndGlobal
